// !$*UTF8*$!
{
	archiveVersion = 1;
	classes = {
	};
	objectVersion = 46;
	objects = {

/* Begin PBXBuildFile section */
		30243B641A3EB08E00DC8FB6 /* RemoveButton.m in Sources */ = {isa = PBXBuildFile; fileRef = 30243B631A3EB08E00DC8FB6 /* RemoveButton.m */; };
		30243B671A3EB14B00DC8FB6 /* EditButton.m in Sources */ = {isa = PBXBuildFile; fileRef = 30243B661A3EB14B00DC8FB6 /* EditButton.m */; };
		30243B6A1A3EB3B100DC8FB6 /* DataStore.m in Sources */ = {isa = PBXBuildFile; fileRef = 30243B691A3EB3B100DC8FB6 /* DataStore.m */; };
		30243B6D1A3EB47200DC8FB6 /* Sound.m in Sources */ = {isa = PBXBuildFile; fileRef = 30243B6C1A3EB47200DC8FB6 /* Sound.m */; };
		302A976D1A3A395100C0128F /* pentakill_lol.mp3 in Resources */ = {isa = PBXBuildFile; fileRef = 302A976C1A3A395100C0128F /* pentakill_lol.mp3 */; };
		3047ABA11A30346800C59477 /* air-horn.mp3 in Resources */ = {isa = PBXBuildFile; fileRef = 3047ABA01A30346800C59477 /* air-horn.mp3 */; };
		305630351A2FC8610004D36F /* MusicButton.m in Sources */ = {isa = PBXBuildFile; fileRef = 305630341A2FC8610004D36F /* MusicButton.m */; };
		305630371A2FC8940004D36F /* Oh Baby A Triple.mp3 in Resources */ = {isa = PBXBuildFile; fileRef = 305630361A2FC8940004D36F /* Oh Baby A Triple.mp3 */; };
		309110DC1A3CFC43002666CA /* HolyShit.wav in Resources */ = {isa = PBXBuildFile; fileRef = 309110DB1A3CFC43002666CA /* HolyShit.wav */; };
		309110E91A3D5510002666CA /* bridge-loop.wav in Resources */ = {isa = PBXBuildFile; fileRef = 309110DD1A3D5510002666CA /* bridge-loop.wav */; };
		309110EA1A3D5510002666CA /* electric-future-blast.wav in Resources */ = {isa = PBXBuildFile; fileRef = 309110DE1A3D5510002666CA /* electric-future-blast.wav */; };
		309110EB1A3D5510002666CA /* pop-click.wav in Resources */ = {isa = PBXBuildFile; fileRef = 309110DF1A3D5510002666CA /* pop-click.wav */; };
		309110EC1A3D5510002666CA /* rocket-flyby.wav in Resources */ = {isa = PBXBuildFile; fileRef = 309110E01A3D5510002666CA /* rocket-flyby.wav */; };
		309110ED1A3D5510002666CA /* space-sweep.wav in Resources */ = {isa = PBXBuildFile; fileRef = 309110E11A3D5510002666CA /* space-sweep.wav */; };
		309110EE1A3D5510002666CA /* space1.wav in Resources */ = {isa = PBXBuildFile; fileRef = 309110E21A3D5510002666CA /* space1.wav */; };
		309110EF1A3D5510002666CA /* spacetumble.wav in Resources */ = {isa = PBXBuildFile; fileRef = 309110E31A3D5510002666CA /* spacetumble.wav */; };
		309110F01A3D5510002666CA /* stab-050.wav in Resources */ = {isa = PBXBuildFile; fileRef = 309110E41A3D5510002666CA /* stab-050.wav */; };
		309110F11A3D5510002666CA /* well-heard.mp3 in Resources */ = {isa = PBXBuildFile; fileRef = 309110E51A3D5510002666CA /* well-heard.mp3 */; };
		309110F21A3D5510002666CA /* angry-boat-2.mp3 in Resources */ = {isa = PBXBuildFile; fileRef = 309110E61A3D5510002666CA /* angry-boat-2.mp3 */; };
		309110F31A3D5510002666CA /* angry-boat-5.mp3 in Resources */ = {isa = PBXBuildFile; fileRef = 309110E71A3D5510002666CA /* angry-boat-5.mp3 */; };
		309110F41A3D5510002666CA /* breakWindow.wav in Resources */ = {isa = PBXBuildFile; fileRef = 309110E81A3D5510002666CA /* breakWindow.wav */; };
		30AA583C1A2E7EB300AF1F88 /* main.m in Sources */ = {isa = PBXBuildFile; fileRef = 30AA583B1A2E7EB300AF1F88 /* main.m */; };
		30AA583F1A2E7EB300AF1F88 /* AppDelegate.m in Sources */ = {isa = PBXBuildFile; fileRef = 30AA583E1A2E7EB300AF1F88 /* AppDelegate.m */; };
		30AA58421A2E7EB300AF1F88 /* GameScene.m in Sources */ = {isa = PBXBuildFile; fileRef = 30AA58411A2E7EB300AF1F88 /* GameScene.m */; };
		30AA58441A2E7EB300AF1F88 /* GameScene.sks in Resources */ = {isa = PBXBuildFile; fileRef = 30AA58431A2E7EB300AF1F88 /* GameScene.sks */; };
		30AA58471A2E7EB300AF1F88 /* GameViewController.m in Sources */ = {isa = PBXBuildFile; fileRef = 30AA58461A2E7EB300AF1F88 /* GameViewController.m */; };
		30AA584A1A2E7EB300AF1F88 /* Main.storyboard in Resources */ = {isa = PBXBuildFile; fileRef = 30AA58481A2E7EB300AF1F88 /* Main.storyboard */; };
		30AA584C1A2E7EB300AF1F88 /* Images.xcassets in Resources */ = {isa = PBXBuildFile; fileRef = 30AA584B1A2E7EB300AF1F88 /* Images.xcassets */; };
		30AA584F1A2E7EB300AF1F88 /* LaunchScreen.xib in Resources */ = {isa = PBXBuildFile; fileRef = 30AA584D1A2E7EB300AF1F88 /* LaunchScreen.xib */; };
		30AA585B1A2E7EB300AF1F88 /* Space_JamTests.m in Sources */ = {isa = PBXBuildFile; fileRef = 30AA585A1A2E7EB300AF1F88 /* Space_JamTests.m */; };
		30ADFAE91A40DCD800A643D3 /* blip.wav in Resources */ = {isa = PBXBuildFile; fileRef = 30ADFAE51A40DCD800A643D3 /* blip.wav */; };
		30ADFAEA1A40DCD800A643D3 /* g-5.wav in Resources */ = {isa = PBXBuildFile; fileRef = 30ADFAE61A40DCD800A643D3 /* g-5.wav */; };
		30ADFAEB1A40DCD800A643D3 /* g.wav in Resources */ = {isa = PBXBuildFile; fileRef = 30ADFAE71A40DCD800A643D3 /* g.wav */; };
		30ADFAEC1A40DCD800A643D3 /* le-piano.aiff in Resources */ = {isa = PBXBuildFile; fileRef = 30ADFAE81A40DCD800A643D3 /* le-piano.aiff */; };
		30ADFAEE1A40DD1500A643D3 /* sounds.json in Resources */ = {isa = PBXBuildFile; fileRef = 30ADFAED1A40DD1500A643D3 /* sounds.json */; };
		30BDEAF11A3D717300EB294A /* AddButton.m in Sources */ = {isa = PBXBuildFile; fileRef = 30BDEAF01A3D717300EB294A /* AddButton.m */; };
		30D9E9A01A41002B000454B0 /* bg.png in Resources */ = {isa = PBXBuildFile; fileRef = 30D9E99F1A41002B000454B0 /* bg.png */; };
		3F15292F1A2FA10C00A6A5D5 /* SpriteKit.framework in Frameworks */ = {isa = PBXBuildFile; fileRef = 3F15292E1A2FA10C00A6A5D5 /* SpriteKit.framework */; };
/* End PBXBuildFile section */

/* Begin PBXContainerItemProxy section */
		30AA58551A2E7EB300AF1F88 /* PBXContainerItemProxy */ = {
			isa = PBXContainerItemProxy;
			containerPortal = 30AA582E1A2E7EB200AF1F88 /* Project object */;
			proxyType = 1;
			remoteGlobalIDString = 30AA58351A2E7EB200AF1F88;
			remoteInfo = "Space Jam";
		};
/* End PBXContainerItemProxy section */

/* Begin PBXFileReference section */
		30243B621A3EB08E00DC8FB6 /* RemoveButton.h */ = {isa = PBXFileReference; fileEncoding = 4; lastKnownFileType = sourcecode.c.h; path = RemoveButton.h; sourceTree = "<group>"; };
		30243B631A3EB08E00DC8FB6 /* RemoveButton.m */ = {isa = PBXFileReference; fileEncoding = 4; lastKnownFileType = sourcecode.c.objc; path = RemoveButton.m; sourceTree = "<group>"; };
		30243B651A3EB14B00DC8FB6 /* EditButton.h */ = {isa = PBXFileReference; fileEncoding = 4; lastKnownFileType = sourcecode.c.h; path = EditButton.h; sourceTree = "<group>"; };
		30243B661A3EB14B00DC8FB6 /* EditButton.m */ = {isa = PBXFileReference; fileEncoding = 4; lastKnownFileType = sourcecode.c.objc; path = EditButton.m; sourceTree = "<group>"; };
		30243B681A3EB3B100DC8FB6 /* DataStore.h */ = {isa = PBXFileReference; fileEncoding = 4; lastKnownFileType = sourcecode.c.h; path = DataStore.h; sourceTree = "<group>"; };
		30243B691A3EB3B100DC8FB6 /* DataStore.m */ = {isa = PBXFileReference; fileEncoding = 4; lastKnownFileType = sourcecode.c.objc; path = DataStore.m; sourceTree = "<group>"; };
		30243B6B1A3EB47200DC8FB6 /* Sound.h */ = {isa = PBXFileReference; fileEncoding = 4; lastKnownFileType = sourcecode.c.h; path = Sound.h; sourceTree = "<group>"; };
		30243B6C1A3EB47200DC8FB6 /* Sound.m */ = {isa = PBXFileReference; fileEncoding = 4; lastKnownFileType = sourcecode.c.objc; path = Sound.m; sourceTree = "<group>"; };
		302A976C1A3A395100C0128F /* pentakill_lol.mp3 */ = {isa = PBXFileReference; lastKnownFileType = audio.mp3; path = pentakill_lol.mp3; sourceTree = "<group>"; };
		3047ABA01A30346800C59477 /* air-horn.mp3 */ = {isa = PBXFileReference; lastKnownFileType = audio.mp3; path = "air-horn.mp3"; sourceTree = "<group>"; };
		305630331A2FC8610004D36F /* MusicButton.h */ = {isa = PBXFileReference; fileEncoding = 4; lastKnownFileType = sourcecode.c.h; path = MusicButton.h; sourceTree = "<group>"; };
		305630341A2FC8610004D36F /* MusicButton.m */ = {isa = PBXFileReference; fileEncoding = 4; lastKnownFileType = sourcecode.c.objc; path = MusicButton.m; sourceTree = "<group>"; };
		305630361A2FC8940004D36F /* Oh Baby A Triple.mp3 */ = {isa = PBXFileReference; lastKnownFileType = audio.mp3; path = "Oh Baby A Triple.mp3"; sourceTree = "<group>"; };
		309110DB1A3CFC43002666CA /* HolyShit.wav */ = {isa = PBXFileReference; lastKnownFileType = audio.wav; path = HolyShit.wav; sourceTree = "<group>"; };
		309110DD1A3D5510002666CA /* bridge-loop.wav */ = {isa = PBXFileReference; lastKnownFileType = audio.wav; path = "bridge-loop.wav"; sourceTree = "<group>"; };
		309110DE1A3D5510002666CA /* electric-future-blast.wav */ = {isa = PBXFileReference; lastKnownFileType = audio.wav; path = "electric-future-blast.wav"; sourceTree = "<group>"; };
		309110DF1A3D5510002666CA /* pop-click.wav */ = {isa = PBXFileReference; lastKnownFileType = audio.wav; path = "pop-click.wav"; sourceTree = "<group>"; };
		309110E01A3D5510002666CA /* rocket-flyby.wav */ = {isa = PBXFileReference; lastKnownFileType = audio.wav; path = "rocket-flyby.wav"; sourceTree = "<group>"; };
		309110E11A3D5510002666CA /* space-sweep.wav */ = {isa = PBXFileReference; lastKnownFileType = audio.wav; path = "space-sweep.wav"; sourceTree = "<group>"; };
		309110E21A3D5510002666CA /* space1.wav */ = {isa = PBXFileReference; lastKnownFileType = audio.wav; path = space1.wav; sourceTree = "<group>"; };
		309110E31A3D5510002666CA /* spacetumble.wav */ = {isa = PBXFileReference; lastKnownFileType = audio.wav; path = spacetumble.wav; sourceTree = "<group>"; };
		309110E41A3D5510002666CA /* stab-050.wav */ = {isa = PBXFileReference; lastKnownFileType = audio.wav; path = "stab-050.wav"; sourceTree = "<group>"; };
		309110E51A3D5510002666CA /* well-heard.mp3 */ = {isa = PBXFileReference; lastKnownFileType = audio.mp3; path = "well-heard.mp3"; sourceTree = "<group>"; };
		309110E61A3D5510002666CA /* angry-boat-2.mp3 */ = {isa = PBXFileReference; lastKnownFileType = audio.mp3; path = "angry-boat-2.mp3"; sourceTree = "<group>"; };
		309110E71A3D5510002666CA /* angry-boat-5.mp3 */ = {isa = PBXFileReference; lastKnownFileType = audio.mp3; path = "angry-boat-5.mp3"; sourceTree = "<group>"; };
		309110E81A3D5510002666CA /* breakWindow.wav */ = {isa = PBXFileReference; lastKnownFileType = audio.wav; path = breakWindow.wav; sourceTree = "<group>"; };
		30AA58361A2E7EB200AF1F88 /* Space Jam.app */ = {isa = PBXFileReference; explicitFileType = wrapper.application; includeInIndex = 0; path = "Space Jam.app"; sourceTree = BUILT_PRODUCTS_DIR; };
		30AA583A1A2E7EB300AF1F88 /* Info.plist */ = {isa = PBXFileReference; lastKnownFileType = text.plist.xml; path = Info.plist; sourceTree = "<group>"; };
		30AA583B1A2E7EB300AF1F88 /* main.m */ = {isa = PBXFileReference; lastKnownFileType = sourcecode.c.objc; path = main.m; sourceTree = "<group>"; };
		30AA583D1A2E7EB300AF1F88 /* AppDelegate.h */ = {isa = PBXFileReference; lastKnownFileType = sourcecode.c.h; path = AppDelegate.h; sourceTree = "<group>"; };
		30AA583E1A2E7EB300AF1F88 /* AppDelegate.m */ = {isa = PBXFileReference; lastKnownFileType = sourcecode.c.objc; path = AppDelegate.m; sourceTree = "<group>"; };
		30AA58401A2E7EB300AF1F88 /* GameScene.h */ = {isa = PBXFileReference; lastKnownFileType = sourcecode.c.h; path = GameScene.h; sourceTree = "<group>"; };
		30AA58411A2E7EB300AF1F88 /* GameScene.m */ = {isa = PBXFileReference; lastKnownFileType = sourcecode.c.objc; path = GameScene.m; sourceTree = "<group>"; };
		30AA58431A2E7EB300AF1F88 /* GameScene.sks */ = {isa = PBXFileReference; lastKnownFileType = file.sks; path = GameScene.sks; sourceTree = "<group>"; };
		30AA58451A2E7EB300AF1F88 /* GameViewController.h */ = {isa = PBXFileReference; lastKnownFileType = sourcecode.c.h; path = GameViewController.h; sourceTree = "<group>"; };
		30AA58461A2E7EB300AF1F88 /* GameViewController.m */ = {isa = PBXFileReference; lastKnownFileType = sourcecode.c.objc; path = GameViewController.m; sourceTree = "<group>"; };
		30AA58491A2E7EB300AF1F88 /* Base */ = {isa = PBXFileReference; lastKnownFileType = file.storyboard; name = Base; path = Base.lproj/Main.storyboard; sourceTree = "<group>"; };
		30AA584B1A2E7EB300AF1F88 /* Images.xcassets */ = {isa = PBXFileReference; lastKnownFileType = folder.assetcatalog; path = Images.xcassets; sourceTree = "<group>"; };
		30AA584E1A2E7EB300AF1F88 /* Base */ = {isa = PBXFileReference; lastKnownFileType = file.xib; name = Base; path = Base.lproj/LaunchScreen.xib; sourceTree = "<group>"; };
		30AA58541A2E7EB300AF1F88 /* Space JamTests.xctest */ = {isa = PBXFileReference; explicitFileType = wrapper.cfbundle; includeInIndex = 0; path = "Space JamTests.xctest"; sourceTree = BUILT_PRODUCTS_DIR; };
		30AA58591A2E7EB300AF1F88 /* Info.plist */ = {isa = PBXFileReference; lastKnownFileType = text.plist.xml; path = Info.plist; sourceTree = "<group>"; };
		30AA585A1A2E7EB300AF1F88 /* Space_JamTests.m */ = {isa = PBXFileReference; lastKnownFileType = sourcecode.c.objc; path = Space_JamTests.m; sourceTree = "<group>"; };
		30ADFAE51A40DCD800A643D3 /* blip.wav */ = {isa = PBXFileReference; lastKnownFileType = audio.wav; path = blip.wav; sourceTree = "<group>"; };
		30ADFAE61A40DCD800A643D3 /* g-5.wav */ = {isa = PBXFileReference; lastKnownFileType = audio.wav; path = "g-5.wav"; sourceTree = "<group>"; };
		30ADFAE71A40DCD800A643D3 /* g.wav */ = {isa = PBXFileReference; lastKnownFileType = audio.wav; path = g.wav; sourceTree = "<group>"; };
		30ADFAE81A40DCD800A643D3 /* le-piano.aiff */ = {isa = PBXFileReference; lastKnownFileType = audio.aiff; path = "le-piano.aiff"; sourceTree = "<group>"; };
		30ADFAED1A40DD1500A643D3 /* sounds.json */ = {isa = PBXFileReference; fileEncoding = 4; lastKnownFileType = text.json; path = sounds.json; sourceTree = "<group>"; };
		30BDEAEF1A3D717300EB294A /* AddButton.h */ = {isa = PBXFileReference; fileEncoding = 4; lastKnownFileType = sourcecode.c.h; path = AddButton.h; sourceTree = "<group>"; };
		30BDEAF01A3D717300EB294A /* AddButton.m */ = {isa = PBXFileReference; fileEncoding = 4; lastKnownFileType = sourcecode.c.objc; path = AddButton.m; sourceTree = "<group>"; };
		30D9E99F1A41002B000454B0 /* bg.png */ = {isa = PBXFileReference; lastKnownFileType = image.png; path = bg.png; sourceTree = "<group>"; };
		3F15292E1A2FA10C00A6A5D5 /* SpriteKit.framework */ = {isa = PBXFileReference; lastKnownFileType = wrapper.framework; name = SpriteKit.framework; path = System/Library/Frameworks/SpriteKit.framework; sourceTree = SDKROOT; };
/* End PBXFileReference section */

/* Begin PBXFrameworksBuildPhase section */
		30AA58331A2E7EB200AF1F88 /* Frameworks */ = {
			isa = PBXFrameworksBuildPhase;
			buildActionMask = 2147483647;
			files = (
				3F15292F1A2FA10C00A6A5D5 /* SpriteKit.framework in Frameworks */,
			);
			runOnlyForDeploymentPostprocessing = 0;
		};
		30AA58511A2E7EB300AF1F88 /* Frameworks */ = {
			isa = PBXFrameworksBuildPhase;
			buildActionMask = 2147483647;
			files = (
			);
			runOnlyForDeploymentPostprocessing = 0;
		};
/* End PBXFrameworksBuildPhase section */

/* Begin PBXGroup section */
		30243B6E1A3EB62400DC8FB6 /* Data */ = {
			isa = PBXGroup;
			children = (
				30ADFAED1A40DD1500A643D3 /* sounds.json */,
			);
			name = Data;
			sourceTree = "<group>";
		};
		30243B711A3EC7F900DC8FB6 /* Scene */ = {
			isa = PBXGroup;
			children = (
				30AA58401A2E7EB300AF1F88 /* GameScene.h */,
				30AA58411A2E7EB300AF1F88 /* GameScene.m */,
				30AA58431A2E7EB300AF1F88 /* GameScene.sks */,
			);
			name = Scene;
			sourceTree = "<group>";
		};
		305630381A2FC8C40004D36F /* Sound Files */ = {
			isa = PBXGroup;
			children = (
				30ADFAE51A40DCD800A643D3 /* blip.wav */,
				30ADFAE61A40DCD800A643D3 /* g-5.wav */,
				30ADFAE71A40DCD800A643D3 /* g.wav */,
				30ADFAE81A40DCD800A643D3 /* le-piano.aiff */,
				309110DD1A3D5510002666CA /* bridge-loop.wav */,
				309110DE1A3D5510002666CA /* electric-future-blast.wav */,
				309110DF1A3D5510002666CA /* pop-click.wav */,
				309110E01A3D5510002666CA /* rocket-flyby.wav */,
				309110E11A3D5510002666CA /* space-sweep.wav */,
				309110E21A3D5510002666CA /* space1.wav */,
				309110E31A3D5510002666CA /* spacetumble.wav */,
				309110E41A3D5510002666CA /* stab-050.wav */,
				309110E51A3D5510002666CA /* well-heard.mp3 */,
				309110E61A3D5510002666CA /* angry-boat-2.mp3 */,
				309110E71A3D5510002666CA /* angry-boat-5.mp3 */,
				309110E81A3D5510002666CA /* breakWindow.wav */,
				3047ABA01A30346800C59477 /* air-horn.mp3 */,
				302A976C1A3A395100C0128F /* pentakill_lol.mp3 */,
				309110DB1A3CFC43002666CA /* HolyShit.wav */,
				305630361A2FC8940004D36F /* Oh Baby A Triple.mp3 */,
			);
			name = "Sound Files";
			sourceTree = "<group>";
		};
		305630391A2FF12F0004D36F /* Model */ = {
			isa = PBXGroup;
			children = (
				305630331A2FC8610004D36F /* MusicButton.h */,
				305630341A2FC8610004D36F /* MusicButton.m */,
				30BDEAEF1A3D717300EB294A /* AddButton.h */,
				30BDEAF01A3D717300EB294A /* AddButton.m */,
				30243B621A3EB08E00DC8FB6 /* RemoveButton.h */,
				30243B631A3EB08E00DC8FB6 /* RemoveButton.m */,
				30243B651A3EB14B00DC8FB6 /* EditButton.h */,
				30243B661A3EB14B00DC8FB6 /* EditButton.m */,
				30243B681A3EB3B100DC8FB6 /* DataStore.h */,
				30243B691A3EB3B100DC8FB6 /* DataStore.m */,
				30243B6B1A3EB47200DC8FB6 /* Sound.h */,
				30243B6C1A3EB47200DC8FB6 /* Sound.m */,
			);
			name = Model;
			sourceTree = "<group>";
		};
		30AA582D1A2E7EB200AF1F88 = {
			isa = PBXGroup;
			children = (
				3F15292E1A2FA10C00A6A5D5 /* SpriteKit.framework */,
				30AA58381A2E7EB200AF1F88 /* Space Jam */,
				30AA58571A2E7EB300AF1F88 /* Space JamTests */,
				30AA58371A2E7EB200AF1F88 /* Products */,
			);
			sourceTree = "<group>";
		};
		30AA58371A2E7EB200AF1F88 /* Products */ = {
			isa = PBXGroup;
			children = (
				30AA58361A2E7EB200AF1F88 /* Space Jam.app */,
				30AA58541A2E7EB300AF1F88 /* Space JamTests.xctest */,
			);
			name = Products;
			sourceTree = "<group>";
		};
		30AA58381A2E7EB200AF1F88 /* Space Jam */ = {
			isa = PBXGroup;
			children = (
				30ADFAF11A40E12C00A643D3 /* images */,
				30AA583D1A2E7EB300AF1F88 /* AppDelegate.h */,
				30AA583E1A2E7EB300AF1F88 /* AppDelegate.m */,
				305630391A2FF12F0004D36F /* Model */,
				30243B711A3EC7F900DC8FB6 /* Scene */,
				30AA58451A2E7EB300AF1F88 /* GameViewController.h */,
				30AA58461A2E7EB300AF1F88 /* GameViewController.m */,
				30AA58481A2E7EB300AF1F88 /* Main.storyboard */,
				30AA584B1A2E7EB300AF1F88 /* Images.xcassets */,
				30AA584D1A2E7EB300AF1F88 /* LaunchScreen.xib */,
				30243B6E1A3EB62400DC8FB6 /* Data */,
				305630381A2FC8C40004D36F /* Sound Files */,
				30AA58391A2E7EB300AF1F88 /* Supporting Files */,
			);
			path = "Space Jam";
			sourceTree = "<group>";
		};
		30AA58391A2E7EB300AF1F88 /* Supporting Files */ = {
			isa = PBXGroup;
			children = (
				30AA583A1A2E7EB300AF1F88 /* Info.plist */,
				30AA583B1A2E7EB300AF1F88 /* main.m */,
			);
			name = "Supporting Files";
			sourceTree = "<group>";
		};
		30AA58571A2E7EB300AF1F88 /* Space JamTests */ = {
			isa = PBXGroup;
			children = (
				30AA585A1A2E7EB300AF1F88 /* Space_JamTests.m */,
				30AA58581A2E7EB300AF1F88 /* Supporting Files */,
			);
			path = "Space JamTests";
			sourceTree = "<group>";
		};
		30AA58581A2E7EB300AF1F88 /* Supporting Files */ = {
			isa = PBXGroup;
			children = (
				30AA58591A2E7EB300AF1F88 /* Info.plist */,
			);
			name = "Supporting Files";
			sourceTree = "<group>";
		};
		30ADFAF11A40E12C00A643D3 /* images */ = {
			isa = PBXGroup;
			children = (
				30D9E99F1A41002B000454B0 /* bg.png */,
			);
			name = images;
			sourceTree = "<group>";
		};
/* End PBXGroup section */

/* Begin PBXNativeTarget section */
		30AA58351A2E7EB200AF1F88 /* Space Jam */ = {
			isa = PBXNativeTarget;
			buildConfigurationList = 30AA585E1A2E7EB300AF1F88 /* Build configuration list for PBXNativeTarget "Space Jam" */;
			buildPhases = (
				30AA58321A2E7EB200AF1F88 /* Sources */,
				30AA58331A2E7EB200AF1F88 /* Frameworks */,
				30AA58341A2E7EB200AF1F88 /* Resources */,
			);
			buildRules = (
			);
			dependencies = (
			);
			name = "Space Jam";
			productName = "Space Jam";
			productReference = 30AA58361A2E7EB200AF1F88 /* Space Jam.app */;
			productType = "com.apple.product-type.application";
		};
		30AA58531A2E7EB300AF1F88 /* Space JamTests */ = {
			isa = PBXNativeTarget;
			buildConfigurationList = 30AA58611A2E7EB300AF1F88 /* Build configuration list for PBXNativeTarget "Space JamTests" */;
			buildPhases = (
				30AA58501A2E7EB300AF1F88 /* Sources */,
				30AA58511A2E7EB300AF1F88 /* Frameworks */,
				30AA58521A2E7EB300AF1F88 /* Resources */,
			);
			buildRules = (
			);
			dependencies = (
				30AA58561A2E7EB300AF1F88 /* PBXTargetDependency */,
			);
			name = "Space JamTests";
			productName = "Space JamTests";
			productReference = 30AA58541A2E7EB300AF1F88 /* Space JamTests.xctest */;
			productType = "com.apple.product-type.bundle.unit-test";
		};
/* End PBXNativeTarget section */

/* Begin PBXProject section */
		30AA582E1A2E7EB200AF1F88 /* Project object */ = {
			isa = PBXProject;
			attributes = {
				LastUpgradeCheck = 0610;
				ORGANIZATIONNAME = "Danny Nguyen";
				TargetAttributes = {
					30AA58351A2E7EB200AF1F88 = {
						CreatedOnToolsVersion = 6.1;
					};
					30AA58531A2E7EB300AF1F88 = {
						CreatedOnToolsVersion = 6.1;
						TestTargetID = 30AA58351A2E7EB200AF1F88;
					};
				};
			};
			buildConfigurationList = 30AA58311A2E7EB200AF1F88 /* Build configuration list for PBXProject "Space Jam" */;
			compatibilityVersion = "Xcode 3.2";
			developmentRegion = English;
			hasScannedForEncodings = 0;
			knownRegions = (
				en,
				Base,
			);
			mainGroup = 30AA582D1A2E7EB200AF1F88;
			productRefGroup = 30AA58371A2E7EB200AF1F88 /* Products */;
			projectDirPath = "";
			projectRoot = "";
			targets = (
				30AA58351A2E7EB200AF1F88 /* Space Jam */,
				30AA58531A2E7EB300AF1F88 /* Space JamTests */,
			);
		};
/* End PBXProject section */

/* Begin PBXResourcesBuildPhase section */
		30AA58341A2E7EB200AF1F88 /* Resources */ = {
			isa = PBXResourcesBuildPhase;
			buildActionMask = 2147483647;
			files = (
				30D9E9A01A41002B000454B0 /* bg.png in Resources */,
				30ADFAEB1A40DCD800A643D3 /* g.wav in Resources */,
				309110F41A3D5510002666CA /* breakWindow.wav in Resources */,
				302A976D1A3A395100C0128F /* pentakill_lol.mp3 in Resources */,
				309110F21A3D5510002666CA /* angry-boat-2.mp3 in Resources */,
				3047ABA11A30346800C59477 /* air-horn.mp3 in Resources */,
				309110F31A3D5510002666CA /* angry-boat-5.mp3 in Resources */,
				309110ED1A3D5510002666CA /* space-sweep.wav in Resources */,
				305630371A2FC8940004D36F /* Oh Baby A Triple.mp3 in Resources */,
				309110F01A3D5510002666CA /* stab-050.wav in Resources */,
				309110EA1A3D5510002666CA /* electric-future-blast.wav in Resources */,
				30AA584F1A2E7EB300AF1F88 /* LaunchScreen.xib in Resources */,
				30ADFAEC1A40DCD800A643D3 /* le-piano.aiff in Resources */,
				309110EF1A3D5510002666CA /* spacetumble.wav in Resources */,
				30ADFAEE1A40DD1500A643D3 /* sounds.json in Resources */,
				309110DC1A3CFC43002666CA /* HolyShit.wav in Resources */,
				30ADFAEA1A40DCD800A643D3 /* g-5.wav in Resources */,
				309110E91A3D5510002666CA /* bridge-loop.wav in Resources */,
				309110EC1A3D5510002666CA /* rocket-flyby.wav in Resources */,
				30ADFAE91A40DCD800A643D3 /* blip.wav in Resources */,
				30AA584C1A2E7EB300AF1F88 /* Images.xcassets in Resources */,
				309110EB1A3D5510002666CA /* pop-click.wav in Resources */,
				309110EE1A3D5510002666CA /* space1.wav in Resources */,
				30AA58441A2E7EB300AF1F88 /* GameScene.sks in Resources */,
				309110F11A3D5510002666CA /* well-heard.mp3 in Resources */,
				30AA584A1A2E7EB300AF1F88 /* Main.storyboard in Resources */,
			);
			runOnlyForDeploymentPostprocessing = 0;
		};
		30AA58521A2E7EB300AF1F88 /* Resources */ = {
			isa = PBXResourcesBuildPhase;
			buildActionMask = 2147483647;
			files = (
			);
			runOnlyForDeploymentPostprocessing = 0;
		};
/* End PBXResourcesBuildPhase section */

/* Begin PBXSourcesBuildPhase section */
		30AA58321A2E7EB200AF1F88 /* Sources */ = {
			isa = PBXSourcesBuildPhase;
			buildActionMask = 2147483647;
			files = (
				30243B641A3EB08E00DC8FB6 /* RemoveButton.m in Sources */,
				30243B671A3EB14B00DC8FB6 /* EditButton.m in Sources */,
				30AA58471A2E7EB300AF1F88 /* GameViewController.m in Sources */,
				30243B6D1A3EB47200DC8FB6 /* Sound.m in Sources */,
				30AA583F1A2E7EB300AF1F88 /* AppDelegate.m in Sources */,
				30AA58421A2E7EB300AF1F88 /* GameScene.m in Sources */,
				30BDEAF11A3D717300EB294A /* AddButton.m in Sources */,
				30AA583C1A2E7EB300AF1F88 /* main.m in Sources */,
				305630351A2FC8610004D36F /* MusicButton.m in Sources */,
				30243B6A1A3EB3B100DC8FB6 /* DataStore.m in Sources */,
			);
			runOnlyForDeploymentPostprocessing = 0;
		};
		30AA58501A2E7EB300AF1F88 /* Sources */ = {
			isa = PBXSourcesBuildPhase;
			buildActionMask = 2147483647;
			files = (
				30AA585B1A2E7EB300AF1F88 /* Space_JamTests.m in Sources */,
			);
			runOnlyForDeploymentPostprocessing = 0;
		};
/* End PBXSourcesBuildPhase section */

/* Begin PBXTargetDependency section */
		30AA58561A2E7EB300AF1F88 /* PBXTargetDependency */ = {
			isa = PBXTargetDependency;
			target = 30AA58351A2E7EB200AF1F88 /* Space Jam */;
			targetProxy = 30AA58551A2E7EB300AF1F88 /* PBXContainerItemProxy */;
		};
/* End PBXTargetDependency section */

/* Begin PBXVariantGroup section */
		30AA58481A2E7EB300AF1F88 /* Main.storyboard */ = {
			isa = PBXVariantGroup;
			children = (
				30AA58491A2E7EB300AF1F88 /* Base */,
			);
			name = Main.storyboard;
			sourceTree = "<group>";
		};
		30AA584D1A2E7EB300AF1F88 /* LaunchScreen.xib */ = {
			isa = PBXVariantGroup;
			children = (
				30AA584E1A2E7EB300AF1F88 /* Base */,
			);
			name = LaunchScreen.xib;
			sourceTree = "<group>";
		};
/* End PBXVariantGroup section */

/* Begin XCBuildConfiguration section */
		30AA585C1A2E7EB300AF1F88 /* Debug */ = {
			isa = XCBuildConfiguration;
			buildSettings = {
				ALWAYS_SEARCH_USER_PATHS = NO;
				CLANG_CXX_LANGUAGE_STANDARD = "gnu++0x";
				CLANG_CXX_LIBRARY = "libc++";
				CLANG_ENABLE_MODULES = YES;
				CLANG_ENABLE_OBJC_ARC = YES;
				CLANG_WARN_BOOL_CONVERSION = YES;
				CLANG_WARN_CONSTANT_CONVERSION = YES;
				CLANG_WARN_DIRECT_OBJC_ISA_USAGE = YES_ERROR;
				CLANG_WARN_EMPTY_BODY = YES;
				CLANG_WARN_ENUM_CONVERSION = YES;
				CLANG_WARN_INT_CONVERSION = YES;
				CLANG_WARN_OBJC_ROOT_CLASS = YES_ERROR;
				CLANG_WARN_UNREACHABLE_CODE = YES;
				CLANG_WARN__DUPLICATE_METHOD_MATCH = YES;
				"CODE_SIGN_IDENTITY[sdk=iphoneos*]" = "iPhone Developer";
				COPY_PHASE_STRIP = NO;
				ENABLE_STRICT_OBJC_MSGSEND = YES;
				GCC_C_LANGUAGE_STANDARD = gnu99;
				GCC_DYNAMIC_NO_PIC = NO;
				GCC_OPTIMIZATION_LEVEL = 0;
				GCC_PREPROCESSOR_DEFINITIONS = (
					"DEBUG=1",
					"$(inherited)",
				);
				GCC_SYMBOLS_PRIVATE_EXTERN = NO;
				GCC_WARN_64_TO_32_BIT_CONVERSION = YES;
				GCC_WARN_ABOUT_RETURN_TYPE = YES_ERROR;
				GCC_WARN_UNDECLARED_SELECTOR = YES;
				GCC_WARN_UNINITIALIZED_AUTOS = YES_AGGRESSIVE;
				GCC_WARN_UNUSED_FUNCTION = YES;
				GCC_WARN_UNUSED_VARIABLE = YES;
				IPHONEOS_DEPLOYMENT_TARGET = 8.1;
				MTL_ENABLE_DEBUG_INFO = YES;
				ONLY_ACTIVE_ARCH = YES;
				SDKROOT = iphoneos;
				TARGETED_DEVICE_FAMILY = "1,2";
			};
			name = Debug;
		};
		30AA585D1A2E7EB300AF1F88 /* Release */ = {
			isa = XCBuildConfiguration;
			buildSettings = {
				ALWAYS_SEARCH_USER_PATHS = NO;
				CLANG_CXX_LANGUAGE_STANDARD = "gnu++0x";
				CLANG_CXX_LIBRARY = "libc++";
				CLANG_ENABLE_MODULES = YES;
				CLANG_ENABLE_OBJC_ARC = YES;
				CLANG_WARN_BOOL_CONVERSION = YES;
				CLANG_WARN_CONSTANT_CONVERSION = YES;
				CLANG_WARN_DIRECT_OBJC_ISA_USAGE = YES_ERROR;
				CLANG_WARN_EMPTY_BODY = YES;
				CLANG_WARN_ENUM_CONVERSION = YES;
				CLANG_WARN_INT_CONVERSION = YES;
				CLANG_WARN_OBJC_ROOT_CLASS = YES_ERROR;
				CLANG_WARN_UNREACHABLE_CODE = YES;
				CLANG_WARN__DUPLICATE_METHOD_MATCH = YES;
				"CODE_SIGN_IDENTITY[sdk=iphoneos*]" = "iPhone Developer";
				COPY_PHASE_STRIP = YES;
				ENABLE_NS_ASSERTIONS = NO;
				ENABLE_STRICT_OBJC_MSGSEND = YES;
				GCC_C_LANGUAGE_STANDARD = gnu99;
				GCC_WARN_64_TO_32_BIT_CONVERSION = YES;
				GCC_WARN_ABOUT_RETURN_TYPE = YES_ERROR;
				GCC_WARN_UNDECLARED_SELECTOR = YES;
				GCC_WARN_UNINITIALIZED_AUTOS = YES_AGGRESSIVE;
				GCC_WARN_UNUSED_FUNCTION = YES;
				GCC_WARN_UNUSED_VARIABLE = YES;
				IPHONEOS_DEPLOYMENT_TARGET = 8.1;
				MTL_ENABLE_DEBUG_INFO = NO;
				SDKROOT = iphoneos;
				TARGETED_DEVICE_FAMILY = "1,2";
				VALIDATE_PRODUCT = YES;
			};
			name = Release;
		};
		30AA585F1A2E7EB300AF1F88 /* Debug */ = {
			isa = XCBuildConfiguration;
			buildSettings = {
				ASSETCATALOG_COMPILER_APPICON_NAME = AppIcon;
				INFOPLIST_FILE = "Space Jam/Info.plist";
				LD_RUNPATH_SEARCH_PATHS = "$(inherited) @executable_path/Frameworks";
				PRODUCT_NAME = "$(TARGET_NAME)";
				TARGETED_DEVICE_FAMILY = "1,2";
			};
			name = Debug;
		};
		30AA58601A2E7EB300AF1F88 /* Release */ = {
			isa = XCBuildConfiguration;
			buildSettings = {
				ASSETCATALOG_COMPILER_APPICON_NAME = AppIcon;
				INFOPLIST_FILE = "Space Jam/Info.plist";
				LD_RUNPATH_SEARCH_PATHS = "$(inherited) @executable_path/Frameworks";
				PRODUCT_NAME = "$(TARGET_NAME)";
				TARGETED_DEVICE_FAMILY = "1,2";
			};
			name = Release;
		};
		30AA58621A2E7EB300AF1F88 /* Debug */ = {
			isa = XCBuildConfiguration;
			buildSettings = {
				BUNDLE_LOADER = "$(TEST_HOST)";
				FRAMEWORK_SEARCH_PATHS = (
					"$(SDKROOT)/Developer/Library/Frameworks",
					"$(inherited)",
				);
				GCC_PREPROCESSOR_DEFINITIONS = (
					"DEBUG=1",
					"$(inherited)",
				);
				INFOPLIST_FILE = "Space JamTests/Info.plist";
				LD_RUNPATH_SEARCH_PATHS = "$(inherited) @executable_path/Frameworks @loader_path/Frameworks";
				PRODUCT_NAME = "$(TARGET_NAME)";
				TEST_HOST = "$(BUILT_PRODUCTS_DIR)/Space Jam.app/Space Jam";
			};
			name = Debug;
		};
		30AA58631A2E7EB300AF1F88 /* Release */ = {
			isa = XCBuildConfiguration;
			buildSettings = {
				BUNDLE_LOADER = "$(TEST_HOST)";
				FRAMEWORK_SEARCH_PATHS = (
					"$(SDKROOT)/Developer/Library/Frameworks",
					"$(inherited)",
				);
				INFOPLIST_FILE = "Space JamTests/Info.plist";
				LD_RUNPATH_SEARCH_PATHS = "$(inherited) @executable_path/Frameworks @loader_path/Frameworks";
				PRODUCT_NAME = "$(TARGET_NAME)";
				TEST_HOST = "$(BUILT_PRODUCTS_DIR)/Space Jam.app/Space Jam";
			};
			name = Release;
		};
/* End XCBuildConfiguration section */

/* Begin XCConfigurationList section */
		30AA58311A2E7EB200AF1F88 /* Build configuration list for PBXProject "Space Jam" */ = {
			isa = XCConfigurationList;
			buildConfigurations = (
				30AA585C1A2E7EB300AF1F88 /* Debug */,
				30AA585D1A2E7EB300AF1F88 /* Release */,
			);
			defaultConfigurationIsVisible = 0;
			defaultConfigurationName = Release;
		};
		30AA585E1A2E7EB300AF1F88 /* Build configuration list for PBXNativeTarget "Space Jam" */ = {
			isa = XCConfigurationList;
			buildConfigurations = (
				30AA585F1A2E7EB300AF1F88 /* Debug */,
				30AA58601A2E7EB300AF1F88 /* Release */,
			);
			defaultConfigurationIsVisible = 0;
			defaultConfigurationName = Release;
		};
		30AA58611A2E7EB300AF1F88 /* Build configuration list for PBXNativeTarget "Space JamTests" */ = {
			isa = XCConfigurationList;
			buildConfigurations = (
				30AA58621A2E7EB300AF1F88 /* Debug */,
				30AA58631A2E7EB300AF1F88 /* Release */,
			);
			defaultConfigurationIsVisible = 0;
			defaultConfigurationName = Release;
		};
/* End XCConfigurationList section */
	};
	rootObject = 30AA582E1A2E7EB200AF1F88 /* Project object */;
}
