// !$*UTF8*$!
{
	archiveVersion = 1;
	classes = {
	};
	objectVersion = 46;
	objects = {

/* Begin PBXBuildFile section */
		3047ABA11A30346800C59477 /* air-horn.mp3 in Resources */ = {isa = PBXBuildFile; fileRef = 3047ABA01A30346800C59477 /* air-horn.mp3 */; };
		305630351A2FC8610004D36F /* MusicButton.m in Sources */ = {isa = PBXBuildFile; fileRef = 305630341A2FC8610004D36F /* MusicButton.m */; };
		305630371A2FC8940004D36F /* Oh Baby A Triple.mp3 in Resources */ = {isa = PBXBuildFile; fileRef = 305630361A2FC8940004D36F /* Oh Baby A Triple.mp3 */; };
		30AA583C1A2E7EB300AF1F88 /* main.m in Sources */ = {isa = PBXBuildFile; fileRef = 30AA583B1A2E7EB300AF1F88 /* main.m */; };
		30AA583F1A2E7EB300AF1F88 /* AppDelegate.m in Sources */ = {isa = PBXBuildFile; fileRef = 30AA583E1A2E7EB300AF1F88 /* AppDelegate.m */; };
		30AA58421A2E7EB300AF1F88 /* GameScene.m in Sources */ = {isa = PBXBuildFile; fileRef = 30AA58411A2E7EB300AF1F88 /* GameScene.m */; };
		30AA58441A2E7EB300AF1F88 /* GameScene.sks in Resources */ = {isa = PBXBuildFile; fileRef = 30AA58431A2E7EB300AF1F88 /* GameScene.sks */; };
		30AA58471A2E7EB300AF1F88 /* GameViewController.m in Sources */ = {isa = PBXBuildFile; fileRef = 30AA58461A2E7EB300AF1F88 /* GameViewController.m */; };
		30AA584A1A2E7EB300AF1F88 /* Main.storyboard in Resources */ = {isa = PBXBuildFile; fileRef = 30AA58481A2E7EB300AF1F88 /* Main.storyboard */; };
		30AA584C1A2E7EB300AF1F88 /* Images.xcassets in Resources */ = {isa = PBXBuildFile; fileRef = 30AA584B1A2E7EB300AF1F88 /* Images.xcassets */; };
		30AA584F1A2E7EB300AF1F88 /* LaunchScreen.xib in Resources */ = {isa = PBXBuildFile; fileRef = 30AA584D1A2E7EB300AF1F88 /* LaunchScreen.xib */; };
		30AA585B1A2E7EB300AF1F88 /* Space_JamTests.m in Sources */ = {isa = PBXBuildFile; fileRef = 30AA585A1A2E7EB300AF1F88 /* Space_JamTests.m */; };
		3F15292F1A2FA10C00A6A5D5 /* SpriteKit.framework in Frameworks */ = {isa = PBXBuildFile; fileRef = 3F15292E1A2FA10C00A6A5D5 /* SpriteKit.framework */; };
/* End PBXBuildFile section */

/* Begin PBXContainerItemProxy section */
		30AA58551A2E7EB300AF1F88 /* PBXContainerItemProxy */ = {
			isa = PBXContainerItemProxy;
			containerPortal = 30AA582E1A2E7EB200AF1F88 /* Project object */;
			proxyType = 1;
			remoteGlobalIDString = 30AA58351A2E7EB200AF1F88;
			remoteInfo = "Space Jam";
		};
/* End PBXContainerItemProxy section */

/* Begin PBXFileReference section */
		3047ABA01A30346800C59477 /* air-horn.mp3 */ = {isa = PBXFileReference; lastKnownFileType = audio.mp3; path = "air-horn.mp3"; sourceTree = "<group>"; };
		305630331A2FC8610004D36F /* MusicButton.h */ = {isa = PBXFileReference; fileEncoding = 4; lastKnownFileType = sourcecode.c.h; path = MusicButton.h; sourceTree = "<group>"; };
		305630341A2FC8610004D36F /* MusicButton.m */ = {isa = PBXFileReference; fileEncoding = 4; lastKnownFileType = sourcecode.c.objc; path = MusicButton.m; sourceTree = "<group>"; };
		305630361A2FC8940004D36F /* Oh Baby A Triple.mp3 */ = {isa = PBXFileReference; lastKnownFileType = audio.mp3; path = "Oh Baby A Triple.mp3"; sourceTree = "<group>"; };
		30AA58361A2E7EB200AF1F88 /* Space Jam.app */ = {isa = PBXFileReference; explicitFileType = wrapper.application; includeInIndex = 0; path = "Space Jam.app"; sourceTree = BUILT_PRODUCTS_DIR; };
		30AA583A1A2E7EB300AF1F88 /* Info.plist */ = {isa = PBXFileReference; lastKnownFileType = text.plist.xml; path = Info.plist; sourceTree = "<group>"; };
		30AA583B1A2E7EB300AF1F88 /* main.m */ = {isa = PBXFileReference; lastKnownFileType = sourcecode.c.objc; path = main.m; sourceTree = "<group>"; };
		30AA583D1A2E7EB300AF1F88 /* AppDelegate.h */ = {isa = PBXFileReference; lastKnownFileType = sourcecode.c.h; path = AppDelegate.h; sourceTree = "<group>"; };
		30AA583E1A2E7EB300AF1F88 /* AppDelegate.m */ = {isa = PBXFileReference; lastKnownFileType = sourcecode.c.objc; path = AppDelegate.m; sourceTree = "<group>"; };
		30AA58401A2E7EB300AF1F88 /* GameScene.h */ = {isa = PBXFileReference; lastKnownFileType = sourcecode.c.h; path = GameScene.h; sourceTree = "<group>"; };
		30AA58411A2E7EB300AF1F88 /* GameScene.m */ = {isa = PBXFileReference; lastKnownFileType = sourcecode.c.objc; path = GameScene.m; sourceTree = "<group>"; };
		30AA58431A2E7EB300AF1F88 /* GameScene.sks */ = {isa = PBXFileReference; lastKnownFileType = file.sks; path = GameScene.sks; sourceTree = "<group>"; };
		30AA58451A2E7EB300AF1F88 /* GameViewController.h */ = {isa = PBXFileReference; lastKnownFileType = sourcecode.c.h; path = GameViewController.h; sourceTree = "<group>"; };
		30AA58461A2E7EB300AF1F88 /* GameViewController.m */ = {isa = PBXFileReference; lastKnownFileType = sourcecode.c.objc; path = GameViewController.m; sourceTree = "<group>"; };
		30AA58491A2E7EB300AF1F88 /* Base */ = {isa = PBXFileReference; lastKnownFileType = file.storyboard; name = Base; path = Base.lproj/Main.storyboard; sourceTree = "<group>"; };
		30AA584B1A2E7EB300AF1F88 /* Images.xcassets */ = {isa = PBXFileReference; lastKnownFileType = folder.assetcatalog; path = Images.xcassets; sourceTree = "<group>"; };
		30AA584E1A2E7EB300AF1F88 /* Base */ = {isa = PBXFileReference; lastKnownFileType = file.xib; name = Base; path = Base.lproj/LaunchScreen.xib; sourceTree = "<group>"; };
		30AA58541A2E7EB300AF1F88 /* Space JamTests.xctest */ = {isa = PBXFileReference; explicitFileType = wrapper.cfbundle; includeInIndex = 0; path = "Space JamTests.xctest"; sourceTree = BUILT_PRODUCTS_DIR; };
		30AA58591A2E7EB300AF1F88 /* Info.plist */ = {isa = PBXFileReference; lastKnownFileType = text.plist.xml; path = Info.plist; sourceTree = "<group>"; };
		30AA585A1A2E7EB300AF1F88 /* Space_JamTests.m */ = {isa = PBXFileReference; lastKnownFileType = sourcecode.c.objc; path = Space_JamTests.m; sourceTree = "<group>"; };
		3F15292E1A2FA10C00A6A5D5 /* SpriteKit.framework */ = {isa = PBXFileReference; lastKnownFileType = wrapper.framework; name = SpriteKit.framework; path = System/Library/Frameworks/SpriteKit.framework; sourceTree = SDKROOT; };
/* End PBXFileReference section */

/* Begin PBXFrameworksBuildPhase section */
		30AA58331A2E7EB200AF1F88 /* Frameworks */ = {
			isa = PBXFrameworksBuildPhase;
			buildActionMask = 2147483647;
			files = (
				3F15292F1A2FA10C00A6A5D5 /* SpriteKit.framework in Frameworks */,
			);
			runOnlyForDeploymentPostprocessing = 0;
		};
		30AA58511A2E7EB300AF1F88 /* Frameworks */ = {
			isa = PBXFrameworksBuildPhase;
			buildActionMask = 2147483647;
			files = (
			);
			runOnlyForDeploymentPostprocessing = 0;
		};
/* End PBXFrameworksBuildPhase section */

/* Begin PBXGroup section */
		305630381A2FC8C40004D36F /* Sound Files */ = {
			isa = PBXGroup;
			children = (
				3047ABA01A30346800C59477 /* air-horn.mp3 */,
				305630361A2FC8940004D36F /* Oh Baby A Triple.mp3 */,
			);
			name = "Sound Files";
			sourceTree = "<group>";
		};
		305630391A2FF12F0004D36F /* Model */ = {
			isa = PBXGroup;
			children = (
				305630331A2FC8610004D36F /* MusicButton.h */,
				305630341A2FC8610004D36F /* MusicButton.m */,
			);
			name = Model;
			sourceTree = "<group>";
		};
		30AA582D1A2E7EB200AF1F88 = {
			isa = PBXGroup;
			children = (
				3F15292E1A2FA10C00A6A5D5 /* SpriteKit.framework */,
				30AA58381A2E7EB200AF1F88 /* Space Jam */,
				30AA58571A2E7EB300AF1F88 /* Space JamTests */,
				30AA58371A2E7EB200AF1F88 /* Products */,
			);
			sourceTree = "<group>";
		};
		30AA58371A2E7EB200AF1F88 /* Products */ = {
			isa = PBXGroup;
			children = (
				30AA58361A2E7EB200AF1F88 /* Space Jam.app */,
				30AA58541A2E7EB300AF1F88 /* Space JamTests.xctest */,
			);
			name = Products;
			sourceTree = "<group>";
		};
		30AA58381A2E7EB200AF1F88 /* Space Jam */ = {
			isa = PBXGroup;
			children = (
				30AA583D1A2E7EB300AF1F88 /* AppDelegate.h */,
				30AA583E1A2E7EB300AF1F88 /* AppDelegate.m */,
				305630391A2FF12F0004D36F /* Model */,
				30AA58401A2E7EB300AF1F88 /* GameScene.h */,
				30AA58411A2E7EB300AF1F88 /* GameScene.m */,
				30AA58431A2E7EB300AF1F88 /* GameScene.sks */,
				30AA58451A2E7EB300AF1F88 /* GameViewController.h */,
				30AA58461A2E7EB300AF1F88 /* GameViewController.m */,
				30AA58481A2E7EB300AF1F88 /* Main.storyboard */,
				30AA584B1A2E7EB300AF1F88 /* Images.xcassets */,
				30AA584D1A2E7EB300AF1F88 /* LaunchScreen.xib */,
				305630381A2FC8C40004D36F /* Sound Files */,
				30AA58391A2E7EB300AF1F88 /* Supporting Files */,
			);
			path = "Space Jam";
			sourceTree = "<group>";
		};
		30AA58391A2E7EB300AF1F88 /* Supporting Files */ = {
			isa = PBXGroup;
			children = (
				30AA583A1A2E7EB300AF1F88 /* Info.plist */,
				30AA583B1A2E7EB300AF1F88 /* main.m */,
			);
			name = "Supporting Files";
			sourceTree = "<group>";
		};
		30AA58571A2E7EB300AF1F88 /* Space JamTests */ = {
			isa = PBXGroup;
			children = (
				30AA585A1A2E7EB300AF1F88 /* Space_JamTests.m */,
				30AA58581A2E7EB300AF1F88 /* Supporting Files */,
			);
			path = "Space JamTests";
			sourceTree = "<group>";
		};
		30AA58581A2E7EB300AF1F88 /* Supporting Files */ = {
			isa = PBXGroup;
			children = (
				30AA58591A2E7EB300AF1F88 /* Info.plist */,
			);
			name = "Supporting Files";
			sourceTree = "<group>";
		};
/* End PBXGroup section */

/* Begin PBXNativeTarget section */
		30AA58351A2E7EB200AF1F88 /* Space Jam */ = {
			isa = PBXNativeTarget;
			buildConfigurationList = 30AA585E1A2E7EB300AF1F88 /* Build configuration list for PBXNativeTarget "Space Jam" */;
			buildPhases = (
				30AA58321A2E7EB200AF1F88 /* Sources */,
				30AA58331A2E7EB200AF1F88 /* Frameworks */,
				30AA58341A2E7EB200AF1F88 /* Resources */,
			);
			buildRules = (
			);
			dependencies = (
			);
			name = "Space Jam";
			productName = "Space Jam";
			productReference = 30AA58361A2E7EB200AF1F88 /* Space Jam.app */;
			productType = "com.apple.product-type.application";
		};
		30AA58531A2E7EB300AF1F88 /* Space JamTests */ = {
			isa = PBXNativeTarget;
			buildConfigurationList = 30AA58611A2E7EB300AF1F88 /* Build configuration list for PBXNativeTarget "Space JamTests" */;
			buildPhases = (
				30AA58501A2E7EB300AF1F88 /* Sources */,
				30AA58511A2E7EB300AF1F88 /* Frameworks */,
				30AA58521A2E7EB300AF1F88 /* Resources */,
			);
			buildRules = (
			);
			dependencies = (
				30AA58561A2E7EB300AF1F88 /* PBXTargetDependency */,
			);
			name = "Space JamTests";
			productName = "Space JamTests";
			productReference = 30AA58541A2E7EB300AF1F88 /* Space JamTests.xctest */;
			productType = "com.apple.product-type.bundle.unit-test";
		};
/* End PBXNativeTarget section */

/* Begin PBXProject section */
		30AA582E1A2E7EB200AF1F88 /* Project object */ = {
			isa = PBXProject;
			attributes = {
				LastUpgradeCheck = 0610;
				ORGANIZATIONNAME = "Danny Nguyen";
				TargetAttributes = {
					30AA58351A2E7EB200AF1F88 = {
						CreatedOnToolsVersion = 6.1;
					};
					30AA58531A2E7EB300AF1F88 = {
						CreatedOnToolsVersion = 6.1;
						TestTargetID = 30AA58351A2E7EB200AF1F88;
					};
				};
			};
			buildConfigurationList = 30AA58311A2E7EB200AF1F88 /* Build configuration list for PBXProject "Space Jam" */;
			compatibilityVersion = "Xcode 3.2";
			developmentRegion = English;
			hasScannedForEncodings = 0;
			knownRegions = (
				en,
				Base,
			);
			mainGroup = 30AA582D1A2E7EB200AF1F88;
			productRefGroup = 30AA58371A2E7EB200AF1F88 /* Products */;
			projectDirPath = "";
			projectRoot = "";
			targets = (
				30AA58351A2E7EB200AF1F88 /* Space Jam */,
				30AA58531A2E7EB300AF1F88 /* Space JamTests */,
			);
		};
/* End PBXProject section */

/* Begin PBXResourcesBuildPhase section */
		30AA58341A2E7EB200AF1F88 /* Resources */ = {
			isa = PBXResourcesBuildPhase;
			buildActionMask = 2147483647;
			files = (
				3047ABA11A30346800C59477 /* air-horn.mp3 in Resources */,
				305630371A2FC8940004D36F /* Oh Baby A Triple.mp3 in Resources */,
				30AA584F1A2E7EB300AF1F88 /* LaunchScreen.xib in Resources */,
				30AA584C1A2E7EB300AF1F88 /* Images.xcassets in Resources */,
				30AA58441A2E7EB300AF1F88 /* GameScene.sks in Resources */,
				30AA584A1A2E7EB300AF1F88 /* Main.storyboard in Resources */,
			);
			runOnlyForDeploymentPostprocessing = 0;
		};
		30AA58521A2E7EB300AF1F88 /* Resources */ = {
			isa = PBXResourcesBuildPhase;
			buildActionMask = 2147483647;
			files = (
			);
			runOnlyForDeploymentPostprocessing = 0;
		};
/* End PBXResourcesBuildPhase section */

/* Begin PBXSourcesBuildPhase section */
		30AA58321A2E7EB200AF1F88 /* Sources */ = {
			isa = PBXSourcesBuildPhase;
			buildActionMask = 2147483647;
			files = (
				30AA58471A2E7EB300AF1F88 /* GameViewController.m in Sources */,
				30AA583F1A2E7EB300AF1F88 /* AppDelegate.m in Sources */,
				30AA58421A2E7EB300AF1F88 /* GameScene.m in Sources */,
				30AA583C1A2E7EB300AF1F88 /* main.m in Sources */,
				305630351A2FC8610004D36F /* MusicButton.m in Sources */,
			);
			runOnlyForDeploymentPostprocessing = 0;
		};
		30AA58501A2E7EB300AF1F88 /* Sources */ = {
			isa = PBXSourcesBuildPhase;
			buildActionMask = 2147483647;
			files = (
				30AA585B1A2E7EB300AF1F88 /* Space_JamTests.m in Sources */,
			);
			runOnlyForDeploymentPostprocessing = 0;
		};
/* End PBXSourcesBuildPhase section */

/* Begin PBXTargetDependency section */
		30AA58561A2E7EB300AF1F88 /* PBXTargetDependency */ = {
			isa = PBXTargetDependency;
			target = 30AA58351A2E7EB200AF1F88 /* Space Jam */;
			targetProxy = 30AA58551A2E7EB300AF1F88 /* PBXContainerItemProxy */;
		};
/* End PBXTargetDependency section */

/* Begin PBXVariantGroup section */
		30AA58481A2E7EB300AF1F88 /* Main.storyboard */ = {
			isa = PBXVariantGroup;
			children = (
				30AA58491A2E7EB300AF1F88 /* Base */,
			);
			name = Main.storyboard;
			sourceTree = "<group>";
		};
		30AA584D1A2E7EB300AF1F88 /* LaunchScreen.xib */ = {
			isa = PBXVariantGroup;
			children = (
				30AA584E1A2E7EB300AF1F88 /* Base */,
			);
			name = LaunchScreen.xib;
			sourceTree = "<group>";
		};
/* End PBXVariantGroup section */

/* Begin XCBuildConfiguration section */
		30AA585C1A2E7EB300AF1F88 /* Debug */ = {
			isa = XCBuildConfiguration;
			buildSettings = {
				ALWAYS_SEARCH_USER_PATHS = NO;
				CLANG_CXX_LANGUAGE_STANDARD = "gnu++0x";
				CLANG_CXX_LIBRARY = "libc++";
				CLANG_ENABLE_MODULES = YES;
				CLANG_ENABLE_OBJC_ARC = YES;
				CLANG_WARN_BOOL_CONVERSION = YES;
				CLANG_WARN_CONSTANT_CONVERSION = YES;
				CLANG_WARN_DIRECT_OBJC_ISA_USAGE = YES_ERROR;
				CLANG_WARN_EMPTY_BODY = YES;
				CLANG_WARN_ENUM_CONVERSION = YES;
				CLANG_WARN_INT_CONVERSION = YES;
				CLANG_WARN_OBJC_ROOT_CLASS = YES_ERROR;
				CLANG_WARN_UNREACHABLE_CODE = YES;
				CLANG_WARN__DUPLICATE_METHOD_MATCH = YES;
				"CODE_SIGN_IDENTITY[sdk=iphoneos*]" = "iPhone Developer";
				COPY_PHASE_STRIP = NO;
				ENABLE_STRICT_OBJC_MSGSEND = YES;
				GCC_C_LANGUAGE_STANDARD = gnu99;
				GCC_DYNAMIC_NO_PIC = NO;
				GCC_OPTIMIZATION_LEVEL = 0;
				GCC_PREPROCESSOR_DEFINITIONS = (
					"DEBUG=1",
					"$(inherited)",
				);
				GCC_SYMBOLS_PRIVATE_EXTERN = NO;
				GCC_WARN_64_TO_32_BIT_CONVERSION = YES;
				GCC_WARN_ABOUT_RETURN_TYPE = YES_ERROR;
				GCC_WARN_UNDECLARED_SELECTOR = YES;
				GCC_WARN_UNINITIALIZED_AUTOS = YES_AGGRESSIVE;
				GCC_WARN_UNUSED_FUNCTION = YES;
				GCC_WARN_UNUSED_VARIABLE = YES;
				IPHONEOS_DEPLOYMENT_TARGET = 8.1;
				MTL_ENABLE_DEBUG_INFO = YES;
				ONLY_ACTIVE_ARCH = YES;
				SDKROOT = iphoneos;
				TARGETED_DEVICE_FAMILY = "1,2";
			};
			name = Debug;
		};
		30AA585D1A2E7EB300AF1F88 /* Release */ = {
			isa = XCBuildConfiguration;
			buildSettings = {
				ALWAYS_SEARCH_USER_PATHS = NO;
				CLANG_CXX_LANGUAGE_STANDARD = "gnu++0x";
				CLANG_CXX_LIBRARY = "libc++";
				CLANG_ENABLE_MODULES = YES;
				CLANG_ENABLE_OBJC_ARC = YES;
				CLANG_WARN_BOOL_CONVERSION = YES;
				CLANG_WARN_CONSTANT_CONVERSION = YES;
				CLANG_WARN_DIRECT_OBJC_ISA_USAGE = YES_ERROR;
				CLANG_WARN_EMPTY_BODY = YES;
				CLANG_WARN_ENUM_CONVERSION = YES;
				CLANG_WARN_INT_CONVERSION = YES;
				CLANG_WARN_OBJC_ROOT_CLASS = YES_ERROR;
				CLANG_WARN_UNREACHABLE_CODE = YES;
				CLANG_WARN__DUPLICATE_METHOD_MATCH = YES;
				"CODE_SIGN_IDENTITY[sdk=iphoneos*]" = "iPhone Developer";
				COPY_PHASE_STRIP = YES;
				ENABLE_NS_ASSERTIONS = NO;
				ENABLE_STRICT_OBJC_MSGSEND = YES;
				GCC_C_LANGUAGE_STANDARD = gnu99;
				GCC_WARN_64_TO_32_BIT_CONVERSION = YES;
				GCC_WARN_ABOUT_RETURN_TYPE = YES_ERROR;
				GCC_WARN_UNDECLARED_SELECTOR = YES;
				GCC_WARN_UNINITIALIZED_AUTOS = YES_AGGRESSIVE;
				GCC_WARN_UNUSED_FUNCTION = YES;
				GCC_WARN_UNUSED_VARIABLE = YES;
				IPHONEOS_DEPLOYMENT_TARGET = 8.1;
				MTL_ENABLE_DEBUG_INFO = NO;
				SDKROOT = iphoneos;
				TARGETED_DEVICE_FAMILY = "1,2";
				VALIDATE_PRODUCT = YES;
			};
			name = Release;
		};
		30AA585F1A2E7EB300AF1F88 /* Debug */ = {
			isa = XCBuildConfiguration;
			buildSettings = {
				ASSETCATALOG_COMPILER_APPICON_NAME = AppIcon;
				INFOPLIST_FILE = "Space Jam/Info.plist";
				LD_RUNPATH_SEARCH_PATHS = "$(inherited) @executable_path/Frameworks";
				PRODUCT_NAME = "$(TARGET_NAME)";
				TARGETED_DEVICE_FAMILY = "1,2";
			};
			name = Debug;
		};
		30AA58601A2E7EB300AF1F88 /* Release */ = {
			isa = XCBuildConfiguration;
			buildSettings = {
				ASSETCATALOG_COMPILER_APPICON_NAME = AppIcon;
				INFOPLIST_FILE = "Space Jam/Info.plist";
				LD_RUNPATH_SEARCH_PATHS = "$(inherited) @executable_path/Frameworks";
				PRODUCT_NAME = "$(TARGET_NAME)";
				TARGETED_DEVICE_FAMILY = "1,2";
			};
			name = Release;
		};
		30AA58621A2E7EB300AF1F88 /* Debug */ = {
			isa = XCBuildConfiguration;
			buildSettings = {
				BUNDLE_LOADER = "$(TEST_HOST)";
				FRAMEWORK_SEARCH_PATHS = (
					"$(SDKROOT)/Developer/Library/Frameworks",
					"$(inherited)",
				);
				GCC_PREPROCESSOR_DEFINITIONS = (
					"DEBUG=1",
					"$(inherited)",
				);
				INFOPLIST_FILE = "Space JamTests/Info.plist";
				LD_RUNPATH_SEARCH_PATHS = "$(inherited) @executable_path/Frameworks @loader_path/Frameworks";
				PRODUCT_NAME = "$(TARGET_NAME)";
				TEST_HOST = "$(BUILT_PRODUCTS_DIR)/Space Jam.app/Space Jam";
			};
			name = Debug;
		};
		30AA58631A2E7EB300AF1F88 /* Release */ = {
			isa = XCBuildConfiguration;
			buildSettings = {
				BUNDLE_LOADER = "$(TEST_HOST)";
				FRAMEWORK_SEARCH_PATHS = (
					"$(SDKROOT)/Developer/Library/Frameworks",
					"$(inherited)",
				);
				INFOPLIST_FILE = "Space JamTests/Info.plist";
				LD_RUNPATH_SEARCH_PATHS = "$(inherited) @executable_path/Frameworks @loader_path/Frameworks";
				PRODUCT_NAME = "$(TARGET_NAME)";
				TEST_HOST = "$(BUILT_PRODUCTS_DIR)/Space Jam.app/Space Jam";
			};
			name = Release;
		};
/* End XCBuildConfiguration section */

/* Begin XCConfigurationList section */
		30AA58311A2E7EB200AF1F88 /* Build configuration list for PBXProject "Space Jam" */ = {
			isa = XCConfigurationList;
			buildConfigurations = (
				30AA585C1A2E7EB300AF1F88 /* Debug */,
				30AA585D1A2E7EB300AF1F88 /* Release */,
			);
			defaultConfigurationIsVisible = 0;
			defaultConfigurationName = Release;
		};
		30AA585E1A2E7EB300AF1F88 /* Build configuration list for PBXNativeTarget "Space Jam" */ = {
			isa = XCConfigurationList;
			buildConfigurations = (
				30AA585F1A2E7EB300AF1F88 /* Debug */,
				30AA58601A2E7EB300AF1F88 /* Release */,
			);
			defaultConfigurationIsVisible = 0;
			defaultConfigurationName = Release;
		};
		30AA58611A2E7EB300AF1F88 /* Build configuration list for PBXNativeTarget "Space JamTests" */ = {
			isa = XCConfigurationList;
			buildConfigurations = (
				30AA58621A2E7EB300AF1F88 /* Debug */,
				30AA58631A2E7EB300AF1F88 /* Release */,
			);
			defaultConfigurationIsVisible = 0;
			defaultConfigurationName = Release;
		};
/* End XCConfigurationList section */
	};
	rootObject = 30AA582E1A2E7EB200AF1F88 /* Project object */;
}
